
Microsoft Visual Studio Solution File, Format Version 12.00
# Visual Studio Version 17
VisualStudioVersion = 17.2.32630.192
MinimumVisualStudioVersion = 10.0.40219.1
Project("{9A19103F-16F7-4668-BE54-9A1E7A4F7556}") = "VariablesDemo1", "VariablesDemo1\VariablesDemo1.csproj", "{80E6F8DC-E879-409F-8366-022FD9109396}"
EndProject
Project("{9A19103F-16F7-4668-BE54-9A1E7A4F7556}") = "StringDemo1", "StringDemo1\StringDemo1.csproj", "{E46B25BA-C4EF-43C1-97D9-6AF6425039A3}"
EndProject
Project("{9A19103F-16F7-4668-BE54-9A1E7A4F7556}") = "VariablesSummary", "VariablesSummary\VariablesSummary.csproj", "{4945359A-61E9-4FC7-98A7-88D3C7754C09}"
EndProject
Project("{9A19103F-16F7-4668-BE54-9A1E7A4F7556}") = "Conditionals", "Conditionals\Conditionals.csproj", "{FFE79421-BBC7-444C-955A-A22FDA424301}"
EndProject
Project("{9A19103F-16F7-4668-BE54-9A1E7A4F7556}") = "RoomCalculator", "RoomCalculator\RoomCalculator.csproj", "{A130598E-0BA1-4E2D-9990-68E242D87A44}"
EndProject
Project("{9A19103F-16F7-4668-BE54-9A1E7A4F7556}") = "NumberAnalyzer", "NumberAnalyzer\NumberAnalyzer.csproj", "{0356A4A0-355D-4E85-AC2C-53A17B46D779}"
EndProject
Project("{9A19103F-16F7-4668-BE54-9A1E7A4F7556}") = "PowersTable", "PowersTable\PowersTable.csproj", "{19661D6A-94C9-430B-9BE9-8D5C7A10B881}"
EndProject
Project("{2150E333-8FDC-42A3-9474-1A3956D46DE8}") = "Solution Items", "Solution Items", "{641888B1-CA89-4FFB-AD4C-E5CF9E4837B0}"
	ProjectSection(SolutionItems) = preProject
		.gitignore = .gitignore
	EndProjectSection
EndProject
Project("{9A19103F-16F7-4668-BE54-9A1E7A4F7556}") = "LoopsDemo1", "LoopsDemo1\LoopsDemo1.csproj", "{1C9C4CC5-3107-43DA-B098-5C9E2408531E}"
EndProject
Project("{FAE04EC0-301F-11D3-BF4B-00C04F79EFBC}") = "GoAgain", "GoAgain\GoAgain.csproj", "{B1C2839B-0F3B-46BA-9CAE-4A1A85CDFB63}"
EndProject
Global
	GlobalSection(SolutionConfigurationPlatforms) = preSolution
		Debug|Any CPU = Debug|Any CPU
		Release|Any CPU = Release|Any CPU
	EndGlobalSection
	GlobalSection(ProjectConfigurationPlatforms) = postSolution
		{80E6F8DC-E879-409F-8366-022FD9109396}.Debug|Any CPU.ActiveCfg = Debug|Any CPU
		{80E6F8DC-E879-409F-8366-022FD9109396}.Debug|Any CPU.Build.0 = Debug|Any CPU
		{80E6F8DC-E879-409F-8366-022FD9109396}.Release|Any CPU.ActiveCfg = Release|Any CPU
		{80E6F8DC-E879-409F-8366-022FD9109396}.Release|Any CPU.Build.0 = Release|Any CPU
		{E46B25BA-C4EF-43C1-97D9-6AF6425039A3}.Debug|Any CPU.ActiveCfg = Debug|Any CPU
		{E46B25BA-C4EF-43C1-97D9-6AF6425039A3}.Debug|Any CPU.Build.0 = Debug|Any CPU
		{E46B25BA-C4EF-43C1-97D9-6AF6425039A3}.Release|Any CPU.ActiveCfg = Release|Any CPU
		{E46B25BA-C4EF-43C1-97D9-6AF6425039A3}.Release|Any CPU.Build.0 = Release|Any CPU
		{4945359A-61E9-4FC7-98A7-88D3C7754C09}.Debug|Any CPU.ActiveCfg = Debug|Any CPU
		{4945359A-61E9-4FC7-98A7-88D3C7754C09}.Debug|Any CPU.Build.0 = Debug|Any CPU
		{4945359A-61E9-4FC7-98A7-88D3C7754C09}.Release|Any CPU.ActiveCfg = Release|Any CPU
		{4945359A-61E9-4FC7-98A7-88D3C7754C09}.Release|Any CPU.Build.0 = Release|Any CPU
		{FFE79421-BBC7-444C-955A-A22FDA424301}.Debug|Any CPU.ActiveCfg = Debug|Any CPU
		{FFE79421-BBC7-444C-955A-A22FDA424301}.Debug|Any CPU.Build.0 = Debug|Any CPU
		{FFE79421-BBC7-444C-955A-A22FDA424301}.Release|Any CPU.ActiveCfg = Release|Any CPU
		{FFE79421-BBC7-444C-955A-A22FDA424301}.Release|Any CPU.Build.0 = Release|Any CPU
		{A130598E-0BA1-4E2D-9990-68E242D87A44}.Debug|Any CPU.ActiveCfg = Debug|Any CPU
		{A130598E-0BA1-4E2D-9990-68E242D87A44}.Debug|Any CPU.Build.0 = Debug|Any CPU
		{A130598E-0BA1-4E2D-9990-68E242D87A44}.Release|Any CPU.ActiveCfg = Release|Any CPU
		{A130598E-0BA1-4E2D-9990-68E242D87A44}.Release|Any CPU.Build.0 = Release|Any CPU
		{0356A4A0-355D-4E85-AC2C-53A17B46D779}.Debug|Any CPU.ActiveCfg = Debug|Any CPU
		{0356A4A0-355D-4E85-AC2C-53A17B46D779}.Debug|Any CPU.Build.0 = Debug|Any CPU
		{0356A4A0-355D-4E85-AC2C-53A17B46D779}.Release|Any CPU.ActiveCfg = Release|Any CPU
		{0356A4A0-355D-4E85-AC2C-53A17B46D779}.Release|Any CPU.Build.0 = Release|Any CPU
		{19661D6A-94C9-430B-9BE9-8D5C7A10B881}.Debug|Any CPU.ActiveCfg = Debug|Any CPU
		{19661D6A-94C9-430B-9BE9-8D5C7A10B881}.Debug|Any CPU.Build.0 = Debug|Any CPU
		{19661D6A-94C9-430B-9BE9-8D5C7A10B881}.Release|Any CPU.ActiveCfg = Release|Any CPU
		{19661D6A-94C9-430B-9BE9-8D5C7A10B881}.Release|Any CPU.Build.0 = Release|Any CPU
		{1C9C4CC5-3107-43DA-B098-5C9E2408531E}.Debug|Any CPU.ActiveCfg = Debug|Any CPU
		{1C9C4CC5-3107-43DA-B098-5C9E2408531E}.Debug|Any CPU.Build.0 = Debug|Any CPU
		{1C9C4CC5-3107-43DA-B098-5C9E2408531E}.Release|Any CPU.ActiveCfg = Release|Any CPU
		{1C9C4CC5-3107-43DA-B098-5C9E2408531E}.Release|Any CPU.Build.0 = Release|Any CPU
		{B1C2839B-0F3B-46BA-9CAE-4A1A85CDFB63}.Debug|Any CPU.ActiveCfg = Debug|Any CPU
		{B1C2839B-0F3B-46BA-9CAE-4A1A85CDFB63}.Debug|Any CPU.Build.0 = Debug|Any CPU
		{B1C2839B-0F3B-46BA-9CAE-4A1A85CDFB63}.Release|Any CPU.ActiveCfg = Release|Any CPU
		{B1C2839B-0F3B-46BA-9CAE-4A1A85CDFB63}.Release|Any CPU.Build.0 = Release|Any CPU
	EndGlobalSection
	GlobalSection(SolutionProperties) = preSolution
		HideSolutionNode = FALSE
	EndGlobalSection
	GlobalSection(ExtensibilityGlobals) = postSolution
		SolutionGuid = {820EF481-3BC2-44EF-B10F-91D5785EF579}
	EndGlobalSection
EndGlobal
